// !$*UTF8*$!
{
	archiveVersion = 1;
	classes = {
	};
	objectVersion = 48;
	objects = {

/* Begin PBXFileReference section */
		83AA72601FB2287100202230 /* boilerplate.s */ = {isa = PBXFileReference; lastKnownFileType = sourcecode.asm; path = boilerplate.s; sourceTree = "<group>"; };
		83AA72611FB278ED00202230 /* README.md */ = {isa = PBXFileReference; lastKnownFileType = net.daringfireball.markdown; path = README.md; sourceTree = "<group>"; };
/* End PBXFileReference section */

/* Begin PBXGroup section */
		83AA72591FB2286100202230 = {
			isa = PBXGroup;
			children = (
				83AA72611FB278ED00202230 /* README.md */,
				83AA72601FB2287100202230 /* boilerplate.s */,
			);
			sourceTree = "<group>";
		};
/* End PBXGroup section */

/* Begin PBXProject section */
		83AA725A1FB2286100202230 /* Project object */ = {
			isa = PBXProject;
			attributes = {
				LastUpgradeCheck = 0910;
			};
			buildConfigurationList = 83AA725D1FB2286100202230 /* Build configuration list for PBXProject "6502" */;
			compatibilityVersion = "Xcode 8.0";
			developmentRegion = en;
			hasScannedForEncodings = 0;
			knownRegions = (
				en,
			);
			mainGroup = 83AA72591FB2286100202230;
			projectDirPath = "";
			projectRoot = "";
			targets = (
			);
		};
/* End PBXProject section */

/* Begin XCBuildConfiguration section */
		83AA725E1FB2286100202230 /* Debug */ = {
			isa = XCBuildConfiguration;
			buildSettings = {
			};
			name = Debug;
		};
		83AA725F1FB2286100202230 /* Release */ = {
			isa = XCBuildConfiguration;
			buildSettings = {
			};
			name = Release;
		};
/* End XCBuildConfiguration section */

/* Begin XCConfigurationList section */
		83AA725D1FB2286100202230 /* Build configuration list for PBXProject "6502" */ = {
			isa = XCConfigurationList;
			buildConfigurations = (
				83AA725E1FB2286100202230 /* Debug */,
				83AA725F1FB2286100202230 /* Release */,
			);
			defaultConfigurationIsVisible = 0;
			defaultConfigurationName = Release;
		};
/* End XCConfigurationList section */
	};
	rootObject = 83AA725A1FB2286100202230 /* Project object */;
}
